
Microsoft Visual Studio Solution File, Format Version 12.00
# Visual Studio Version 17
VisualStudioVersion = 17.5.33627.172
MinimumVisualStudioVersion = 10.0.40219.1
Project("{9A19103F-16F7-4668-BE54-9A1E7A4F7556}") = "ToDoApp.PL.WebPL", "ToDoApp.PL.WebPL\ToDoApp.PL.WebPL.csproj", "{41113469-B82D-49AF-8BBB-EDB4DA473DBD}"
EndProject
Project("{2150E333-8FDC-42A3-9474-1A3956D46DE8}") = "PL", "PL", "{38A41BB0-D446-48F5-93E2-95CB4BCB6B4D}"
EndProject
Project("{2150E333-8FDC-42A3-9474-1A3956D46DE8}") = "BLL", "BLL", "{72DEDFF9-F1D3-4C94-A6DD-4BE8C6068332}"
EndProject
Project("{2150E333-8FDC-42A3-9474-1A3956D46DE8}") = "DAL", "DAL", "{F5E504F1-5F8F-4BB7-9506-75901FB2EC27}"
EndProject
Project("{2150E333-8FDC-42A3-9474-1A3956D46DE8}") = "Common", "Common", "{4C724D0C-0E1B-4DC1-9782-7ACFCFCCDC69}"
EndProject
Project("{9A19103F-16F7-4668-BE54-9A1E7A4F7556}") = "ToDoApp.BLL", "ToDoApp.BLL\ToDoApp.BLL.csproj", "{F1001A7B-7B1D-4138-A807-EADDDD8BF236}"
EndProject
Project("{9A19103F-16F7-4668-BE54-9A1E7A4F7556}") = "ToDoApp.BLL.Interfaces", "ToDoApp.BLL.Interfaces\ToDoApp.BLL.Interfaces.csproj", "{6964EE9A-F4FD-4539-BE7F-EABD0DB4E0E2}"
EndProject
Project("{9A19103F-16F7-4668-BE54-9A1E7A4F7556}") = "ToDoApp.Entities", "ToDoApp.Entities\ToDoApp.Entities.csproj", "{44866EE0-2D0D-4D90-B236-8C0D04096018}"
EndProject
Project("{9A19103F-16F7-4668-BE54-9A1E7A4F7556}") = "ToDoApp.DAL.Context", "ToDoApp.DAL.Context\ToDoApp.DAL.Context.csproj", "{A2B59E3D-DD6A-48DF-B921-CA7504AEE1E9}"
EndProject
Project("{9A19103F-16F7-4668-BE54-9A1E7A4F7556}") = "ToDoApp.DAL", "ToDoApp.DAL\ToDoApp.DAL.csproj", "{CA50B507-126E-4B66-B437-151325AD8EE8}"
EndProject
Project("{9A19103F-16F7-4668-BE54-9A1E7A4F7556}") = "ToDoApp.DAL.Interfaces", "ToDoApp.DAL.Interfaces\ToDoApp.DAL.Interfaces.csproj", "{E5EC7599-B925-4D36-B360-2777B036497C}"
EndProject
Project("{2150E333-8FDC-42A3-9474-1A3956D46DE8}") = "Tests", "Tests", "{73CA98F1-40BA-40C3-9BEB-E2E2E08DD6C1}"
EndProject
Project("{FAE04EC0-301F-11D3-BF4B-00C04F79EFBC}") = "ToDoApp.Tests.ToDoTaskTests", "ToDoApp.Tests.ToDoTaskTests\ToDoApp.Tests.ToDoTaskTests.csproj", "{19A05137-C1FD-48E1-BA3F-E012D65DF5EB}"
EndProject
Global
	GlobalSection(SolutionConfigurationPlatforms) = preSolution
		Debug|Any CPU = Debug|Any CPU
		Release|Any CPU = Release|Any CPU
	EndGlobalSection
	GlobalSection(ProjectConfigurationPlatforms) = postSolution
		{41113469-B82D-49AF-8BBB-EDB4DA473DBD}.Debug|Any CPU.ActiveCfg = Debug|Any CPU
		{41113469-B82D-49AF-8BBB-EDB4DA473DBD}.Debug|Any CPU.Build.0 = Debug|Any CPU
		{41113469-B82D-49AF-8BBB-EDB4DA473DBD}.Release|Any CPU.ActiveCfg = Release|Any CPU
		{41113469-B82D-49AF-8BBB-EDB4DA473DBD}.Release|Any CPU.Build.0 = Release|Any CPU
		{F1001A7B-7B1D-4138-A807-EADDDD8BF236}.Debug|Any CPU.ActiveCfg = Debug|Any CPU
		{F1001A7B-7B1D-4138-A807-EADDDD8BF236}.Debug|Any CPU.Build.0 = Debug|Any CPU
		{F1001A7B-7B1D-4138-A807-EADDDD8BF236}.Release|Any CPU.ActiveCfg = Release|Any CPU
		{F1001A7B-7B1D-4138-A807-EADDDD8BF236}.Release|Any CPU.Build.0 = Release|Any CPU
		{6964EE9A-F4FD-4539-BE7F-EABD0DB4E0E2}.Debug|Any CPU.ActiveCfg = Debug|Any CPU
		{6964EE9A-F4FD-4539-BE7F-EABD0DB4E0E2}.Debug|Any CPU.Build.0 = Debug|Any CPU
		{6964EE9A-F4FD-4539-BE7F-EABD0DB4E0E2}.Release|Any CPU.ActiveCfg = Release|Any CPU
		{6964EE9A-F4FD-4539-BE7F-EABD0DB4E0E2}.Release|Any CPU.Build.0 = Release|Any CPU
		{44866EE0-2D0D-4D90-B236-8C0D04096018}.Debug|Any CPU.ActiveCfg = Debug|Any CPU
		{44866EE0-2D0D-4D90-B236-8C0D04096018}.Debug|Any CPU.Build.0 = Debug|Any CPU
		{44866EE0-2D0D-4D90-B236-8C0D04096018}.Release|Any CPU.ActiveCfg = Release|Any CPU
		{44866EE0-2D0D-4D90-B236-8C0D04096018}.Release|Any CPU.Build.0 = Release|Any CPU
		{A2B59E3D-DD6A-48DF-B921-CA7504AEE1E9}.Debug|Any CPU.ActiveCfg = Debug|Any CPU
		{A2B59E3D-DD6A-48DF-B921-CA7504AEE1E9}.Debug|Any CPU.Build.0 = Debug|Any CPU
		{A2B59E3D-DD6A-48DF-B921-CA7504AEE1E9}.Release|Any CPU.ActiveCfg = Release|Any CPU
		{A2B59E3D-DD6A-48DF-B921-CA7504AEE1E9}.Release|Any CPU.Build.0 = Release|Any CPU
		{CA50B507-126E-4B66-B437-151325AD8EE8}.Debug|Any CPU.ActiveCfg = Debug|Any CPU
		{CA50B507-126E-4B66-B437-151325AD8EE8}.Debug|Any CPU.Build.0 = Debug|Any CPU
		{CA50B507-126E-4B66-B437-151325AD8EE8}.Release|Any CPU.ActiveCfg = Release|Any CPU
		{CA50B507-126E-4B66-B437-151325AD8EE8}.Release|Any CPU.Build.0 = Release|Any CPU
		{E5EC7599-B925-4D36-B360-2777B036497C}.Debug|Any CPU.ActiveCfg = Debug|Any CPU
		{E5EC7599-B925-4D36-B360-2777B036497C}.Debug|Any CPU.Build.0 = Debug|Any CPU
		{E5EC7599-B925-4D36-B360-2777B036497C}.Release|Any CPU.ActiveCfg = Release|Any CPU
		{E5EC7599-B925-4D36-B360-2777B036497C}.Release|Any CPU.Build.0 = Release|Any CPU
		{19A05137-C1FD-48E1-BA3F-E012D65DF5EB}.Debug|Any CPU.ActiveCfg = Debug|Any CPU
		{19A05137-C1FD-48E1-BA3F-E012D65DF5EB}.Debug|Any CPU.Build.0 = Debug|Any CPU
		{19A05137-C1FD-48E1-BA3F-E012D65DF5EB}.Release|Any CPU.ActiveCfg = Release|Any CPU
		{19A05137-C1FD-48E1-BA3F-E012D65DF5EB}.Release|Any CPU.Build.0 = Release|Any CPU
	EndGlobalSection
	GlobalSection(SolutionProperties) = preSolution
		HideSolutionNode = FALSE
	EndGlobalSection
	GlobalSection(NestedProjects) = preSolution
		{41113469-B82D-49AF-8BBB-EDB4DA473DBD} = {38A41BB0-D446-48F5-93E2-95CB4BCB6B4D}
		{F1001A7B-7B1D-4138-A807-EADDDD8BF236} = {72DEDFF9-F1D3-4C94-A6DD-4BE8C6068332}
		{6964EE9A-F4FD-4539-BE7F-EABD0DB4E0E2} = {72DEDFF9-F1D3-4C94-A6DD-4BE8C6068332}
		{44866EE0-2D0D-4D90-B236-8C0D04096018} = {4C724D0C-0E1B-4DC1-9782-7ACFCFCCDC69}
		{A2B59E3D-DD6A-48DF-B921-CA7504AEE1E9} = {F5E504F1-5F8F-4BB7-9506-75901FB2EC27}
		{CA50B507-126E-4B66-B437-151325AD8EE8} = {F5E504F1-5F8F-4BB7-9506-75901FB2EC27}
		{E5EC7599-B925-4D36-B360-2777B036497C} = {F5E504F1-5F8F-4BB7-9506-75901FB2EC27}
		{19A05137-C1FD-48E1-BA3F-E012D65DF5EB} = {73CA98F1-40BA-40C3-9BEB-E2E2E08DD6C1}
	EndGlobalSection
	GlobalSection(ExtensibilityGlobals) = postSolution
		SolutionGuid = {C66B55F6-DE89-4230-B91C-C8D0A9518642}
	EndGlobalSection
EndGlobal
